
Microsoft Visual Studio Solution File, Format Version 12.00
# Visual Studio 15
VisualStudioVersion = 15.0.28307.421
MinimumVisualStudioVersion = 10.0.40219.1
Project("{9A19103F-16F7-4668-BE54-9A1E7A4F7556}") = "PayRecord.core", "PayRecord.core.csproj", "{39357A0B-3AF1-4D4C-8B13-828B8C7A50FD}"
EndProject
Global
	GlobalSection(SolutionConfigurationPlatforms) = preSolution
		Debug|Any CPU = Debug|Any CPU
		Release|Any CPU = Release|Any CPU
	EndGlobalSection
	GlobalSection(ProjectConfigurationPlatforms) = postSolution
		{39357A0B-3AF1-4D4C-8B13-828B8C7A50FD}.Debug|Any CPU.ActiveCfg = Debug|Any CPU
		{39357A0B-3AF1-4D4C-8B13-828B8C7A50FD}.Debug|Any CPU.Build.0 = Debug|Any CPU
		{39357A0B-3AF1-4D4C-8B13-828B8C7A50FD}.Release|Any CPU.ActiveCfg = Release|Any CPU
		{39357A0B-3AF1-4D4C-8B13-828B8C7A50FD}.Release|Any CPU.Build.0 = Release|Any CPU
	EndGlobalSection
	GlobalSection(SolutionProperties) = preSolution
		HideSolutionNode = FALSE
	EndGlobalSection
	GlobalSection(ExtensibilityGlobals) = postSolution
		SolutionGuid = {1F4C0096-BA45-4738-9FF3-97D3FCEECBA9}
	EndGlobalSection
EndGlobal
